<Project xmlns="http://schemas.microsoft.com/developer/msbuild/2003">
  <PropertyGroup>
    <ProjectGuid>{ab496b45-f336-4d36-b799-6f98af5de8e0}</ProjectGuid>
    <MainSource>dws2ClassesLibrary.dpk</MainSource>
    <Configuration Condition=" '$(Configuration)' == '' ">Debug</Configuration>
    <Platform Condition=" '$(Platform)' == '' ">AnyCPU</Platform>
    <DCC_DCCCompiler>DCC32</DCC_DCCCompiler>
    <DCC_DependencyCheckOutputName>C:\Documents and Settings\All Users\Documents\RAD Studio\5.0\Bpl\dws2ClassesLibrary100.bpl</DCC_DependencyCheckOutputName>
  </PropertyGroup>
  <PropertyGroup Condition=" '$(Configuration)|$(Platform)' == 'Release|AnyCPU' ">
    <Version>7.0</Version>
    <DCC_DebugInformation>False</DCC_DebugInformation>
    <DCC_LocalDebugSymbols>False</DCC_LocalDebugSymbols>
    <DCC_Optimize>False</DCC_Optimize>
    <DCC_IntegerOverflowCheck>True</DCC_IntegerOverflowCheck>
    <DCC_RangeChecking>True</DCC_RangeChecking>
    <DCC_StrictVarStrings>False</DCC_StrictVarStrings>
    <DCC_GenerateStackFrames>True</DCC_GenerateStackFrames>
    <DCC_SymbolReferenceInfo>0</DCC_SymbolReferenceInfo>
    <DCC_UnitSearchPath>..\..\source</DCC_UnitSearchPath>
    <DCC_ResourcePath>..\..\source</DCC_ResourcePath>
    <DCC_ObjPath>..\..\source</DCC_ObjPath>
    <DCC_IncludePath>..\..\source</DCC_IncludePath>
    <DCC_Define>RELEASE</DCC_Define>
  </PropertyGroup>
  <PropertyGroup Condition=" '$(Configuration)|$(Platform)' == 'Debug|AnyCPU' ">
    <Version>7.0</Version>
    <DCC_Optimize>False</DCC_Optimize>
    <DCC_IntegerOverflowCheck>True</DCC_IntegerOverflowCheck>
    <DCC_RangeChecking>True</DCC_RangeChecking>
    <DCC_StrictVarStrings>False</DCC_StrictVarStrings>
    <DCC_GenerateStackFrames>True</DCC_GenerateStackFrames>
    <DCC_UnitSearchPath>..\..\source</DCC_UnitSearchPath>
    <DCC_ResourcePath>..\..\source</DCC_ResourcePath>
    <DCC_ObjPath>..\..\source</DCC_ObjPath>
    <DCC_IncludePath>..\..\source</DCC_IncludePath>
    <DCC_Define>DEBUG</DCC_Define>
  </PropertyGroup>
  <ProjectExtensions>
    <Borland.Personality>Delphi.Personality</Borland.Personality>
    <Borland.ProjectType>Package</Borland.ProjectType>
    <BorlandProject>
<BorlandProject xmlns=""> <Delphi.Personality>   <Parameters>
      <Parameters Name="UseLauncher">False</Parameters>
      <Parameters Name="LoadAllSymbols">True</Parameters>
      <Parameters Name="LoadUnspecifiedSymbols">False</Parameters>
    </Parameters>
    <Package_Options>
      <Package_Options Name="PackageDescription">DelphiWebScript II - Lists and Hashtables Library</Package_Options>
      <Package_Options Name="ImplicitBuild">False</Package_Options>
      <Package_Options Name="DesigntimeOnly">False</Package_Options>
      <Package_Options Name="RuntimeOnly">False</Package_Options>
      <Package_Options Name="LibSuffix">100</Package_Options>
    </Package_Options>
    <VersionInfo>
      <VersionInfo Name="IncludeVerInfo">True</VersionInfo>
      <VersionInfo Name="AutoIncBuild">False</VersionInfo>
      <VersionInfo Name="MajorVer">1</VersionInfo>
      <VersionInfo Name="MinorVer">0</VersionInfo>
      <VersionInfo Name="Release">0</VersionInfo>
      <VersionInfo Name="Build">0</VersionInfo>
      <VersionInfo Name="Debug">False</VersionInfo>
      <VersionInfo Name="PreRelease">False</VersionInfo>
      <VersionInfo Name="Special">False</VersionInfo>
      <VersionInfo Name="Private">False</VersionInfo>
      <VersionInfo Name="DLL">False</VersionInfo>
      <VersionInfo Name="Locale">2055</VersionInfo>
      <VersionInfo Name="CodePage">1252</VersionInfo>
    </VersionInfo>
    <VersionInfoKeys>
      <VersionInfoKeys Name="CompanyName"></VersionInfoKeys>
      <VersionInfoKeys Name="FileDescription"></VersionInfoKeys>
      <VersionInfoKeys Name="FileVersion">1.0.0.0</VersionInfoKeys>
      <VersionInfoKeys Name="InternalName"></VersionInfoKeys>
      <VersionInfoKeys Name="LegalCopyright"></VersionInfoKeys>
      <VersionInfoKeys Name="LegalTrademarks"></VersionInfoKeys>
      <VersionInfoKeys Name="OriginalFilename"></VersionInfoKeys>
      <VersionInfoKeys Name="ProductName"></VersionInfoKeys>
      <VersionInfoKeys Name="ProductVersion">1.0.0.0</VersionInfoKeys>
      <VersionInfoKeys Name="Comments"></VersionInfoKeys>
    </VersionInfoKeys>
    <Excluded_Packages>
      
      
      
      
      
      
      
      
      
      
      
      
      
      
      
      
      
      
      
      
      
      
      
      
      
      
      
      
      
      
      
      
      
      
      
      
      
      
      
      
      
      
      
      
      
      
      
      
      
      
      
      
      
      
      
      
      
      
      
      
      
      
      
      
      
      
      
      
      
      
      
      
      
      
      
      
      
      
      <Excluded_Packages Name="C:\Program Files\Borland\BDS\4.0\Bin\dclbde100.bpl">Borland BDE DB Components</Excluded_Packages>
      <Excluded_Packages Name="c:\program files\borland\bds\4.0\Bin\dclib100.bpl">Borland InterBase Express Components</Excluded_Packages>
      <Excluded_Packages Name="c:\program files\borland\bds\4.0\Bin\dclofficexp100.bpl">Microsoft Office XP Sample Automation Server Wrapper Components</Excluded_Packages>
      <Excluded_Packages Name="C:\Program Files\Borland\BDS\4.0\Bin\dclIndyCore100.bpl">Indy 10 Core Design Time</Excluded_Packages>
      <Excluded_Packages Name="c:\program files\borland\bds\4.0\Bin\dclsoap100.bpl">Borland SOAP Components</Excluded_Packages>
      <Excluded_Packages Name="c:\program files\borland\bds\4.0\Bin\applet100.bpl">Borland Control Panel Applet Package</Excluded_Packages>
      <Excluded_Packages Name="c:\program files\borland\bds\4.0\Bin\dcltee100.bpl">TeeChart Components</Excluded_Packages>
      <Excluded_Packages Name="c:\program files\borland\bds\4.0\Bin\dclIndyProtocols100.bpl">Indy 10 Protocols Design Time</Excluded_Packages>
      <Excluded_Packages Name="c:\program files\borland\bds\4.0\Bin\dclIntraweb_80_100.bpl">Intraweb 8.0 Design Package for Borland Development Studio 2006</Excluded_Packages>
      <Excluded_Packages Name="C:\Documents and Settings\developer\My Documents\Borland Studio Projects\Bpl\CivEvoButtons.bpl">(untitled)</Excluded_Packages>
      <Excluded_Packages Name="c:\program files\borland\bds\4.0\Bin\dclie100.bpl">Internet Explorer Components</Excluded_Packages>
      <Excluded_Packages Name="C:\Documents and Settings\developer\My Documents\Borland Studio Projects\Bpl\JvAppFrmD10D.bpl">JVCL Application and Form Components</Excluded_Packages>
      <Excluded_Packages Name="C:\Documents and Settings\developer\My Documents\Borland Studio Projects\Bpl\JvBandsD10D.bpl">JVCL Band Objects</Excluded_Packages>
      <Excluded_Packages Name="C:\Documents and Settings\developer\My Documents\Borland Studio Projects\Bpl\JvBDED10D.bpl">JVCL BDE Components</Excluded_Packages>
      <Excluded_Packages Name="C:\Documents and Settings\developer\My Documents\Borland Studio Projects\Bpl\JvCmpD10D.bpl">JVCL Non-Visual Components</Excluded_Packages>
      <Excluded_Packages Name="C:\Documents and Settings\developer\My Documents\Borland Studio Projects\Bpl\JvCryptD10D.bpl">JVCL Encryption and Compression</Excluded_Packages>
      <Excluded_Packages Name="C:\Documents and Settings\developer\My Documents\Borland Studio Projects\Bpl\JvCtrlsD10D.bpl">JVCL Visual Controls</Excluded_Packages>
      <Excluded_Packages Name="C:\Documents and Settings\developer\My Documents\Borland Studio Projects\Bpl\JvCustomD10D.bpl">JVCL Custom Controls</Excluded_Packages>
      <Excluded_Packages Name="C:\Documents and Settings\developer\My Documents\Borland Studio Projects\Bpl\JvDBD10D.bpl">JVCL Database Components</Excluded_Packages>
      <Excluded_Packages Name="C:\Documents and Settings\developer\My Documents\Borland Studio Projects\Bpl\JvDlgsD10D.bpl">JVCL Dialog Components</Excluded_Packages>
      <Excluded_Packages Name="C:\Documents and Settings\developer\My Documents\Borland Studio Projects\Bpl\JvDockingD10D.bpl">JVCL Docking Components</Excluded_Packages>
      <Excluded_Packages Name="C:\Documents and Settings\developer\My Documents\Borland Studio Projects\Bpl\JvDotNetCtrlsD10D.bpl">JVCL DotNet Controls</Excluded_Packages>
      <Excluded_Packages Name="C:\Documents and Settings\developer\My Documents\Borland Studio Projects\Bpl\JvEDID10D.bpl">JVCL EDI Components</Excluded_Packages>
      <Excluded_Packages Name="C:\Documents and Settings\developer\My Documents\Borland Studio Projects\Bpl\JvGlobusD10D.bpl">JVCL Globus Components</Excluded_Packages>
      <Excluded_Packages Name="C:\Documents and Settings\developer\My Documents\Borland Studio Projects\Bpl\JvHMID10D.bpl">JVCL HMI Controls</Excluded_Packages>
      <Excluded_Packages Name="C:\Documents and Settings\developer\My Documents\Borland Studio Projects\Bpl\JvInterpreterD10D.bpl">JVCL Interpreter Components</Excluded_Packages>
      <Excluded_Packages Name="C:\Documents and Settings\developer\My Documents\Borland Studio Projects\Bpl\JvJansD10D.bpl">JVCL Jans Components</Excluded_Packages>
      <Excluded_Packages Name="C:\Documents and Settings\developer\My Documents\Borland Studio Projects\Bpl\JvManagedThreadsD10D.bpl">JVCL Managed Threads</Excluded_Packages>
      <Excluded_Packages Name="C:\Documents and Settings\developer\My Documents\Borland Studio Projects\Bpl\JvMMD10D.bpl">JVCL Multimedia and Image Components</Excluded_Packages>
      <Excluded_Packages Name="C:\Documents and Settings\developer\My Documents\Borland Studio Projects\Bpl\JvNetD10D.bpl">JVCL Network Components</Excluded_Packages>
      <Excluded_Packages Name="C:\Documents and Settings\developer\My Documents\Borland Studio Projects\Bpl\JvPageCompsD10D.bpl">JVCL Page Style Components</Excluded_Packages>
      <Excluded_Packages Name="C:\Documents and Settings\developer\My Documents\Borland Studio Projects\Bpl\JvPluginD10D.bpl">JVCL Plugin Components</Excluded_Packages>
      <Excluded_Packages Name="C:\Documents and Settings\developer\My Documents\Borland Studio Projects\Bpl\JvPrintPreviewD10D.bpl">JVCL Print Preview Components</Excluded_Packages>
      <Excluded_Packages Name="C:\Documents and Settings\developer\My Documents\Borland Studio Projects\Bpl\JvRuntimeDesignD10D.bpl">JVCL Runtime Design Components</Excluded_Packages>
      <Excluded_Packages Name="C:\Documents and Settings\developer\My Documents\Borland Studio Projects\Bpl\JvTimeFrameworkD10D.bpl">JVCL Time Framework</Excluded_Packages>
      <Excluded_Packages Name="C:\Documents and Settings\developer\My Documents\Borland Studio Projects\Bpl\JvUIBD10D.bpl">JVCL Unified Interbase Components</Excluded_Packages>
      <Excluded_Packages Name="C:\Documents and Settings\developer\My Documents\Borland Studio Projects\Bpl\JvValidatorsD10D.bpl">JVCL Validators and Error Provider Components</Excluded_Packages>
      <Excluded_Packages Name="C:\Documents and Settings\developer\My Documents\Borland Studio Projects\Bpl\JvWizardD10D.bpl">JVCL Wizard</Excluded_Packages>
      <Excluded_Packages Name="C:\Documents and Settings\developer\My Documents\Borland Studio Projects\Bpl\JvXPCtrlsD10D.bpl">JVCL XP Controls</Excluded_Packages>
    </Excluded_Packages>
    <Source>
      <Source Name="MainSource">dws2ClassesLibrary.dpk</Source>
    </Source>
  </Delphi.Personality> </BorlandProject></BorlandProject>
  </ProjectExtensions>
  <ItemGroup />
  <ItemGroup>
    <DelphiCompile Include="dws2ClassesLibrary.dpk">
      <MainSource>MainSource</MainSource>
    </DelphiCompile>
    <DCCReference Include="..\ClassesLib\dws2Classes.pas" />
    <DCCReference Include="..\ClassesLib\dws2ClassesLib.dcr" />
    <DCCReference Include="..\ClassesLib\dws2ClassesLibModule.pas">
      <Form>dws2ClassesLib</Form>
    </DCCReference>
    <DCCReference Include="..\ClassesLib\dws2Hashtables.pas" />
    <DCCReference Include="dws2Runtime.dcp" />
    <DCCReference Include="rtl.dcp" />
    <DCCReference Include="vcl.dcp" />
  </ItemGroup>
  <Import Project="$(MSBuildBinPath)\Borland.Delphi.Targets" />
</Project>